
Microsoft Visual Studio Solution File, Format Version 12.00
# Visual Studio Version 16
VisualStudioVersion = 16.0.32228.343
MinimumVisualStudioVersion = 10.0.40219.1
Project("{FAE04EC0-301F-11D3-BF4B-00C04F79EFBC}") = "Backend-Homework-6", "Backend-Homework-6\Backend-Homework-6.csproj", "{4DC53023-07C1-4666-B7FE-33AB2D69F620}"
EndProject
Global
	GlobalSection(SolutionConfigurationPlatforms) = preSolution
		Debug|Any CPU = Debug|Any CPU
		Release|Any CPU = Release|Any CPU
	EndGlobalSection
	GlobalSection(ProjectConfigurationPlatforms) = postSolution
		{4DC53023-07C1-4666-B7FE-33AB2D69F620}.Debug|Any CPU.ActiveCfg = Debug|Any CPU
		{4DC53023-07C1-4666-B7FE-33AB2D69F620}.Debug|Any CPU.Build.0 = Debug|Any CPU
		{4DC53023-07C1-4666-B7FE-33AB2D69F620}.Release|Any CPU.ActiveCfg = Release|Any CPU
		{4DC53023-07C1-4666-B7FE-33AB2D69F620}.Release|Any CPU.Build.0 = Release|Any CPU
	EndGlobalSection
	GlobalSection(SolutionProperties) = preSolution
		HideSolutionNode = FALSE
	EndGlobalSection
	GlobalSection(ExtensibilityGlobals) = postSolution
		SolutionGuid = {72B7F7A9-EE5B-416B-86A0-F03875906F33}
	EndGlobalSection
EndGlobal
